// !$*UTF8*$!
{
	archiveVersion = 1;
	classes = {
	};
	objectVersion = 46;
	objects = {

/* Begin PBXBuildFile section */
		2A58C7662205667C0014D6B0 /* SpeechManager.m in Sources */ = {isa = PBXBuildFile; fileRef = 2A58C7442205667B0014D6B0 /* SpeechManager.m */; };
		2A58C7672205667C0014D6B0 /* MetalButton.h in Headers */ = {isa = PBXBuildFile; fileRef = 2A58C7452205667B0014D6B0 /* MetalButton.h */; };
		2A58C7682205667C0014D6B0 /* MESearchField.m in Sources */ = {isa = PBXBuildFile; fileRef = 2A58C7462205667B0014D6B0 /* MESearchField.m */; };
		2A58C7692205667C0014D6B0 /* MEPanel.m in Sources */ = {isa = PBXBuildFile; fileRef = 2A58C7472205667B0014D6B0 /* MEPanel.m */; };
		2A58C76A2205667C0014D6B0 /* NSTextViewWithLinks.m in Sources */ = {isa = PBXBuildFile; fileRef = 2A58C7482205667B0014D6B0 /* NSTextViewWithLinks.m */; };
		2A58C76B2205667C0014D6B0 /* StickyBackgroundView.m in Sources */ = {isa = PBXBuildFile; fileRef = 2A58C7492205667B0014D6B0 /* StickyBackgroundView.m */; };
		2A58C76C2205667C0014D6B0 /* BackgroundView.h in Headers */ = {isa = PBXBuildFile; fileRef = 2A58C74A2205667B0014D6B0 /* BackgroundView.h */; };
		2A58C76D2205667C0014D6B0 /* StickyView.m in Sources */ = {isa = PBXBuildFile; fileRef = 2A58C74B2205667B0014D6B0 /* StickyView.m */; };
		2A58C76E2205667C0014D6B0 /* StickyDocument.m in Sources */ = {isa = PBXBuildFile; fileRef = 2A58C74C2205667B0014D6B0 /* StickyDocument.m */; };
		2A58C76F2205667C0014D6B0 /* DraggableView.m in Sources */ = {isa = PBXBuildFile; fileRef = 2A58C74D2205667B0014D6B0 /* DraggableView.m */; };
		2A58C7702205667C0014D6B0 /* ResizeView.m in Sources */ = {isa = PBXBuildFile; fileRef = 2A58C74E2205667B0014D6B0 /* ResizeView.m */; };
		2A58C7712205667C0014D6B0 /* ResultView.m in Sources */ = {isa = PBXBuildFile; fileRef = 2A58C74F2205667B0014D6B0 /* ResultView.m */; };
		2A58C7722205667C0014D6B0 /* ApplicationManager.m in Sources */ = {isa = PBXBuildFile; fileRef = 2A58C7502205667C0014D6B0 /* ApplicationManager.m */; };
		2A58C7732205667C0014D6B0 /* StickyTitleView.m in Sources */ = {isa = PBXBuildFile; fileRef = 2A58C7512205667C0014D6B0 /* StickyTitleView.m */; };
		2A58C7742205667C0014D6B0 /* StringUtil.h in Headers */ = {isa = PBXBuildFile; fileRef = 2A58C7522205667C0014D6B0 /* StringUtil.h */; };
		2A58C7752205667C0014D6B0 /* StickyWindow.m in Sources */ = {isa = PBXBuildFile; fileRef = 2A58C7532205667C0014D6B0 /* StickyWindow.m */; };
		2A58C7762205667C0014D6B0 /* MEPanel.h in Headers */ = {isa = PBXBuildFile; fileRef = 2A58C7542205667C0014D6B0 /* MEPanel.h */; };
		2A58C7772205667C0014D6B0 /* ResultView.h in Headers */ = {isa = PBXBuildFile; fileRef = 2A58C7552205667C0014D6B0 /* ResultView.h */; };
		2A58C7782205667C0014D6B0 /* MESearchField.h in Headers */ = {isa = PBXBuildFile; fileRef = 2A58C7562205667C0014D6B0 /* MESearchField.h */; };
		2A58C7792205667C0014D6B0 /* StickyBackgroundView.h in Headers */ = {isa = PBXBuildFile; fileRef = 2A58C7572205667C0014D6B0 /* StickyBackgroundView.h */; };
		2A58C77A2205667C0014D6B0 /* ControllableScroller.h in Headers */ = {isa = PBXBuildFile; fileRef = 2A58C7582205667C0014D6B0 /* ControllableScroller.h */; };
		2A58C77B2205667C0014D6B0 /* BackgroundView.m in Sources */ = {isa = PBXBuildFile; fileRef = 2A58C7592205667C0014D6B0 /* BackgroundView.m */; };
		2A58C77C2205667C0014D6B0 /* StringUtil.m in Sources */ = {isa = PBXBuildFile; fileRef = 2A58C75A2205667C0014D6B0 /* StringUtil.m */; };
		2A58C77D2205667C0014D6B0 /* StickyView.h in Headers */ = {isa = PBXBuildFile; fileRef = 2A58C75B2205667C0014D6B0 /* StickyView.h */; };
		2A58C77E2205667C0014D6B0 /* ControllableScroller.m in Sources */ = {isa = PBXBuildFile; fileRef = 2A58C75C2205667C0014D6B0 /* ControllableScroller.m */; };
		2A58C77F2205667C0014D6B0 /* MetalButton.m in Sources */ = {isa = PBXBuildFile; fileRef = 2A58C75D2205667C0014D6B0 /* MetalButton.m */; };
		2A58C7802205667C0014D6B0 /* SpeechManager.h in Headers */ = {isa = PBXBuildFile; fileRef = 2A58C75E2205667C0014D6B0 /* SpeechManager.h */; };
		2A58C7812205667D0014D6B0 /* DraggableView.h in Headers */ = {isa = PBXBuildFile; fileRef = 2A58C75F2205667C0014D6B0 /* DraggableView.h */; };
		2A58C7822205667D0014D6B0 /* StickyWindow.h in Headers */ = {isa = PBXBuildFile; fileRef = 2A58C7602205667C0014D6B0 /* StickyWindow.h */; };
		2A58C7832205667D0014D6B0 /* ApplicationManager.h in Headers */ = {isa = PBXBuildFile; fileRef = 2A58C7612205667C0014D6B0 /* ApplicationManager.h */; };
		2A58C7842205667D0014D6B0 /* StickyDocument.h in Headers */ = {isa = PBXBuildFile; fileRef = 2A58C7622205667C0014D6B0 /* StickyDocument.h */; };
		2A58C7852205667D0014D6B0 /* StickyTitleView.h in Headers */ = {isa = PBXBuildFile; fileRef = 2A58C7632205667C0014D6B0 /* StickyTitleView.h */; };
		2A58C7862205667D0014D6B0 /* ResizeView.h in Headers */ = {isa = PBXBuildFile; fileRef = 2A58C7642205667C0014D6B0 /* ResizeView.h */; };
		2A58C7872205667D0014D6B0 /* NSTextViewWithLinks.h in Headers */ = {isa = PBXBuildFile; fileRef = 2A58C7652205667C0014D6B0 /* NSTextViewWithLinks.h */; };
		2A58C78A220567020014D6B0 /* main.m in Sources */ = {isa = PBXBuildFile; fileRef = 2A58C788220567020014D6B0 /* main.m */; };
		2A58C79C220567120014D6B0 /* close_button.tif in Resources */ = {isa = PBXBuildFile; fileRef = 2A58C78C220567120014D6B0 /* close_button.tif */; };
		2A58C79D220567120014D6B0 /* metal_resize.tif in Resources */ = {isa = PBXBuildFile; fileRef = 2A58C78D220567120014D6B0 /* metal_resize.tif */; };
		2A58C79E220567120014D6B0 /* go_button.tif in Resources */ = {isa = PBXBuildFile; fileRef = 2A58C78E220567120014D6B0 /* go_button.tif */; };
		2A58C79F220567120014D6B0 /* back_button.tif in Resources */ = {isa = PBXBuildFile; fileRef = 2A58C78F220567120014D6B0 /* back_button.tif */; };
		2A58C7A0220567120014D6B0 /* back_button_pressed.tif in Resources */ = {isa = PBXBuildFile; fileRef = 2A58C790220567120014D6B0 /* back_button_pressed.tif */; };
		2A58C7A1220567120014D6B0 /* sound_button_pressed.tif in Resources */ = {isa = PBXBuildFile; fileRef = 2A58C791220567120014D6B0 /* sound_button_pressed.tif */; };
		2A58C7A2220567120014D6B0 /* close_button_enabled.tif in Resources */ = {isa = PBXBuildFile; fileRef = 2A58C792220567120014D6B0 /* close_button_enabled.tif */; };
		2A58C7A3220567120014D6B0 /* back_button_disabled.tif in Resources */ = {isa = PBXBuildFile; fileRef = 2A58C793220567120014D6B0 /* back_button_disabled.tif */; };
		2A58C7A4220567120014D6B0 /* go_button_disabled.tif in Resources */ = {isa = PBXBuildFile; fileRef = 2A58C794220567120014D6B0 /* go_button_disabled.tif */; };
		2A58C7A5220567120014D6B0 /* sound_button_disabled.tif in Resources */ = {isa = PBXBuildFile; fileRef = 2A58C795220567120014D6B0 /* sound_button_disabled.tif */; };
		2A58C7A6220567120014D6B0 /* sound_button.tif in Resources */ = {isa = PBXBuildFile; fileRef = 2A58C796220567120014D6B0 /* sound_button.tif */; };
		2A58C7A7220567120014D6B0 /* go_button_pressed.tif in Resources */ = {isa = PBXBuildFile; fileRef = 2A58C797220567120014D6B0 /* go_button_pressed.tif */; };
		2A58C7A8220567120014D6B0 /* metal_back.tif in Resources */ = {isa = PBXBuildFile; fileRef = 2A58C798220567120014D6B0 /* metal_back.tif */; };
		2A58C7A9220567120014D6B0 /* close_button_pressed.tif in Resources */ = {isa = PBXBuildFile; fileRef = 2A58C799220567120014D6B0 /* close_button_pressed.tif */; };
		2A58C7AA220567120014D6B0 /* resize_indicator.tif in Resources */ = {isa = PBXBuildFile; fileRef = 2A58C79A220567120014D6B0 /* resize_indicator.tif */; };
		2A58C7AB220567120014D6B0 /* metal_light.tif in Resources */ = {isa = PBXBuildFile; fileRef = 2A58C79B220567120014D6B0 /* metal_light.tif */; };
		2A58C7AD220567270014D6B0 /* StickyDocument.nib in Resources */ = {isa = PBXBuildFile; fileRef = 2A58C7AC220567270014D6B0 /* StickyDocument.nib */; };
		2A58C7B22205674C0014D6B0 /* English.lproj in Resources */ = {isa = PBXBuildFile; fileRef = 2A58C7B02205674C0014D6B0 /* English.lproj */; };
		2A58C7B32205674C0014D6B0 /* Japanese.lproj in Resources */ = {isa = PBXBuildFile; fileRef = 2A58C7B12205674C0014D6B0 /* Japanese.lproj */; };
		2A58C7B7220569980014D6B0 /* EIJIRO mini_Prefix.pch in Headers */ = {isa = PBXBuildFile; fileRef = 2A58C7B52205691B0014D6B0 /* EIJIRO mini_Prefix.pch */; };
		2A9BF9EF2205ADE80039F482 /* Images.xcassets in Resources */ = {isa = PBXBuildFile; fileRef = 2A9BF9EE2205ADE80039F482 /* Images.xcassets */; };
		8EABC30F05B9AF31001DBE4D /* Cocoa.framework in Frameworks */ = {isa = PBXBuildFile; fileRef = 8EABC30E05B9AF31001DBE4D /* Cocoa.framework */; };
/* End PBXBuildFile section */

/* Begin PBXFileReference section */
		29B97324FDCFA39411CA2CEA /* AppKit.framework */ = {isa = PBXFileReference; lastKnownFileType = wrapper.framework; name = AppKit.framework; path = /System/Library/Frameworks/AppKit.framework; sourceTree = "<absolute>"; };
		29B97325FDCFA39411CA2CEA /* Foundation.framework */ = {isa = PBXFileReference; lastKnownFileType = wrapper.framework; name = Foundation.framework; path = /System/Library/Frameworks/Foundation.framework; sourceTree = "<absolute>"; };
		2A58C7442205667B0014D6B0 /* SpeechManager.m */ = {isa = PBXFileReference; fileEncoding = 4; lastKnownFileType = sourcecode.c.objc; name = SpeechManager.m; path = Classes/SpeechManager.m; sourceTree = "<group>"; };
		2A58C7452205667B0014D6B0 /* MetalButton.h */ = {isa = PBXFileReference; fileEncoding = 4; lastKnownFileType = sourcecode.c.h; name = MetalButton.h; path = Classes/MetalButton.h; sourceTree = "<group>"; };
		2A58C7462205667B0014D6B0 /* MESearchField.m */ = {isa = PBXFileReference; fileEncoding = 4; lastKnownFileType = sourcecode.c.objc; name = MESearchField.m; path = Classes/MESearchField.m; sourceTree = "<group>"; };
		2A58C7472205667B0014D6B0 /* MEPanel.m */ = {isa = PBXFileReference; fileEncoding = 4; lastKnownFileType = sourcecode.c.objc; name = MEPanel.m; path = Classes/MEPanel.m; sourceTree = "<group>"; };
		2A58C7482205667B0014D6B0 /* NSTextViewWithLinks.m */ = {isa = PBXFileReference; fileEncoding = 4; lastKnownFileType = sourcecode.c.objc; name = NSTextViewWithLinks.m; path = Classes/NSTextViewWithLinks.m; sourceTree = "<group>"; };
		2A58C7492205667B0014D6B0 /* StickyBackgroundView.m */ = {isa = PBXFileReference; fileEncoding = 4; lastKnownFileType = sourcecode.c.objc; name = StickyBackgroundView.m; path = Classes/StickyBackgroundView.m; sourceTree = "<group>"; };
		2A58C74A2205667B0014D6B0 /* BackgroundView.h */ = {isa = PBXFileReference; fileEncoding = 4; lastKnownFileType = sourcecode.c.h; name = BackgroundView.h; path = Classes/BackgroundView.h; sourceTree = "<group>"; };
		2A58C74B2205667B0014D6B0 /* StickyView.m */ = {isa = PBXFileReference; fileEncoding = 4; lastKnownFileType = sourcecode.c.objc; name = StickyView.m; path = Classes/StickyView.m; sourceTree = "<group>"; };
		2A58C74C2205667B0014D6B0 /* StickyDocument.m */ = {isa = PBXFileReference; fileEncoding = 4; lastKnownFileType = sourcecode.c.objc; name = StickyDocument.m; path = Classes/StickyDocument.m; sourceTree = "<group>"; };
		2A58C74D2205667B0014D6B0 /* DraggableView.m */ = {isa = PBXFileReference; fileEncoding = 4; lastKnownFileType = sourcecode.c.objc; name = DraggableView.m; path = Classes/DraggableView.m; sourceTree = "<group>"; };
		2A58C74E2205667B0014D6B0 /* ResizeView.m */ = {isa = PBXFileReference; fileEncoding = 4; lastKnownFileType = sourcecode.c.objc; name = ResizeView.m; path = Classes/ResizeView.m; sourceTree = "<group>"; };
		2A58C74F2205667B0014D6B0 /* ResultView.m */ = {isa = PBXFileReference; fileEncoding = 4; lastKnownFileType = sourcecode.c.objc; name = ResultView.m; path = Classes/ResultView.m; sourceTree = "<group>"; };
		2A58C7502205667C0014D6B0 /* ApplicationManager.m */ = {isa = PBXFileReference; fileEncoding = 4; lastKnownFileType = sourcecode.c.objc; name = ApplicationManager.m; path = Classes/ApplicationManager.m; sourceTree = "<group>"; };
		2A58C7512205667C0014D6B0 /* StickyTitleView.m */ = {isa = PBXFileReference; fileEncoding = 4; lastKnownFileType = sourcecode.c.objc; name = StickyTitleView.m; path = Classes/StickyTitleView.m; sourceTree = "<group>"; };
		2A58C7522205667C0014D6B0 /* StringUtil.h */ = {isa = PBXFileReference; fileEncoding = 4; lastKnownFileType = sourcecode.c.h; name = StringUtil.h; path = Classes/StringUtil.h; sourceTree = "<group>"; };
		2A58C7532205667C0014D6B0 /* StickyWindow.m */ = {isa = PBXFileReference; fileEncoding = 4; lastKnownFileType = sourcecode.c.objc; name = StickyWindow.m; path = Classes/StickyWindow.m; sourceTree = "<group>"; };
		2A58C7542205667C0014D6B0 /* MEPanel.h */ = {isa = PBXFileReference; fileEncoding = 4; lastKnownFileType = sourcecode.c.h; name = MEPanel.h; path = Classes/MEPanel.h; sourceTree = "<group>"; };
		2A58C7552205667C0014D6B0 /* ResultView.h */ = {isa = PBXFileReference; fileEncoding = 4; lastKnownFileType = sourcecode.c.h; name = ResultView.h; path = Classes/ResultView.h; sourceTree = "<group>"; };
		2A58C7562205667C0014D6B0 /* MESearchField.h */ = {isa = PBXFileReference; fileEncoding = 4; lastKnownFileType = sourcecode.c.h; name = MESearchField.h; path = Classes/MESearchField.h; sourceTree = "<group>"; };
		2A58C7572205667C0014D6B0 /* StickyBackgroundView.h */ = {isa = PBXFileReference; fileEncoding = 4; lastKnownFileType = sourcecode.c.h; name = StickyBackgroundView.h; path = Classes/StickyBackgroundView.h; sourceTree = "<group>"; };
		2A58C7582205667C0014D6B0 /* ControllableScroller.h */ = {isa = PBXFileReference; fileEncoding = 4; lastKnownFileType = sourcecode.c.h; name = ControllableScroller.h; path = Classes/ControllableScroller.h; sourceTree = "<group>"; };
		2A58C7592205667C0014D6B0 /* BackgroundView.m */ = {isa = PBXFileReference; fileEncoding = 4; lastKnownFileType = sourcecode.c.objc; name = BackgroundView.m; path = Classes/BackgroundView.m; sourceTree = "<group>"; };
		2A58C75A2205667C0014D6B0 /* StringUtil.m */ = {isa = PBXFileReference; fileEncoding = 4; lastKnownFileType = sourcecode.c.objc; name = StringUtil.m; path = Classes/StringUtil.m; sourceTree = "<group>"; };
		2A58C75B2205667C0014D6B0 /* StickyView.h */ = {isa = PBXFileReference; fileEncoding = 4; lastKnownFileType = sourcecode.c.h; name = StickyView.h; path = Classes/StickyView.h; sourceTree = "<group>"; };
		2A58C75C2205667C0014D6B0 /* ControllableScroller.m */ = {isa = PBXFileReference; fileEncoding = 4; lastKnownFileType = sourcecode.c.objc; name = ControllableScroller.m; path = Classes/ControllableScroller.m; sourceTree = "<group>"; };
		2A58C75D2205667C0014D6B0 /* MetalButton.m */ = {isa = PBXFileReference; fileEncoding = 4; lastKnownFileType = sourcecode.c.objc; name = MetalButton.m; path = Classes/MetalButton.m; sourceTree = "<group>"; };
		2A58C75E2205667C0014D6B0 /* SpeechManager.h */ = {isa = PBXFileReference; fileEncoding = 4; lastKnownFileType = sourcecode.c.h; name = SpeechManager.h; path = Classes/SpeechManager.h; sourceTree = "<group>"; };
		2A58C75F2205667C0014D6B0 /* DraggableView.h */ = {isa = PBXFileReference; fileEncoding = 4; lastKnownFileType = sourcecode.c.h; name = DraggableView.h; path = Classes/DraggableView.h; sourceTree = "<group>"; };
		2A58C7602205667C0014D6B0 /* StickyWindow.h */ = {isa = PBXFileReference; fileEncoding = 4; lastKnownFileType = sourcecode.c.h; name = StickyWindow.h; path = Classes/StickyWindow.h; sourceTree = "<group>"; };
		2A58C7612205667C0014D6B0 /* ApplicationManager.h */ = {isa = PBXFileReference; fileEncoding = 4; lastKnownFileType = sourcecode.c.h; name = ApplicationManager.h; path = Classes/ApplicationManager.h; sourceTree = "<group>"; };
		2A58C7622205667C0014D6B0 /* StickyDocument.h */ = {isa = PBXFileReference; fileEncoding = 4; lastKnownFileType = sourcecode.c.h; name = StickyDocument.h; path = Classes/StickyDocument.h; sourceTree = "<group>"; };
		2A58C7632205667C0014D6B0 /* StickyTitleView.h */ = {isa = PBXFileReference; fileEncoding = 4; lastKnownFileType = sourcecode.c.h; name = StickyTitleView.h; path = Classes/StickyTitleView.h; sourceTree = "<group>"; };
		2A58C7642205667C0014D6B0 /* ResizeView.h */ = {isa = PBXFileReference; fileEncoding = 4; lastKnownFileType = sourcecode.c.h; name = ResizeView.h; path = Classes/ResizeView.h; sourceTree = "<group>"; };
		2A58C7652205667C0014D6B0 /* NSTextViewWithLinks.h */ = {isa = PBXFileReference; fileEncoding = 4; lastKnownFileType = sourcecode.c.h; name = NSTextViewWithLinks.h; path = Classes/NSTextViewWithLinks.h; sourceTree = "<group>"; };
		2A58C788220567020014D6B0 /* main.m */ = {isa = PBXFileReference; fileEncoding = 4; lastKnownFileType = sourcecode.c.objc; name = main.m; path = Resources/main.m; sourceTree = "<group>"; };
		2A58C78C220567120014D6B0 /* close_button.tif */ = {isa = PBXFileReference; lastKnownFileType = image.tiff; name = close_button.tif; path = Images/close_button.tif; sourceTree = "<group>"; };
		2A58C78D220567120014D6B0 /* metal_resize.tif */ = {isa = PBXFileReference; lastKnownFileType = image.tiff; name = metal_resize.tif; path = Images/metal_resize.tif; sourceTree = "<group>"; };
		2A58C78E220567120014D6B0 /* go_button.tif */ = {isa = PBXFileReference; lastKnownFileType = image.tiff; name = go_button.tif; path = Images/go_button.tif; sourceTree = "<group>"; };
		2A58C78F220567120014D6B0 /* back_button.tif */ = {isa = PBXFileReference; lastKnownFileType = image.tiff; name = back_button.tif; path = Images/back_button.tif; sourceTree = "<group>"; };
		2A58C790220567120014D6B0 /* back_button_pressed.tif */ = {isa = PBXFileReference; lastKnownFileType = image.tiff; name = back_button_pressed.tif; path = Images/back_button_pressed.tif; sourceTree = "<group>"; };
		2A58C791220567120014D6B0 /* sound_button_pressed.tif */ = {isa = PBXFileReference; lastKnownFileType = image.tiff; name = sound_button_pressed.tif; path = Images/sound_button_pressed.tif; sourceTree = "<group>"; };
		2A58C792220567120014D6B0 /* close_button_enabled.tif */ = {isa = PBXFileReference; lastKnownFileType = image.tiff; name = close_button_enabled.tif; path = Images/close_button_enabled.tif; sourceTree = "<group>"; };
		2A58C793220567120014D6B0 /* back_button_disabled.tif */ = {isa = PBXFileReference; lastKnownFileType = image.tiff; name = back_button_disabled.tif; path = Images/back_button_disabled.tif; sourceTree = "<group>"; };
		2A58C794220567120014D6B0 /* go_button_disabled.tif */ = {isa = PBXFileReference; lastKnownFileType = image.tiff; name = go_button_disabled.tif; path = Images/go_button_disabled.tif; sourceTree = "<group>"; };
		2A58C795220567120014D6B0 /* sound_button_disabled.tif */ = {isa = PBXFileReference; lastKnownFileType = image.tiff; name = sound_button_disabled.tif; path = Images/sound_button_disabled.tif; sourceTree = "<group>"; };
		2A58C796220567120014D6B0 /* sound_button.tif */ = {isa = PBXFileReference; lastKnownFileType = image.tiff; name = sound_button.tif; path = Images/sound_button.tif; sourceTree = "<group>"; };
		2A58C797220567120014D6B0 /* go_button_pressed.tif */ = {isa = PBXFileReference; lastKnownFileType = image.tiff; name = go_button_pressed.tif; path = Images/go_button_pressed.tif; sourceTree = "<group>"; };
		2A58C798220567120014D6B0 /* metal_back.tif */ = {isa = PBXFileReference; lastKnownFileType = image.tiff; name = metal_back.tif; path = Images/metal_back.tif; sourceTree = "<group>"; };
		2A58C799220567120014D6B0 /* close_button_pressed.tif */ = {isa = PBXFileReference; lastKnownFileType = image.tiff; name = close_button_pressed.tif; path = Images/close_button_pressed.tif; sourceTree = "<group>"; };
		2A58C79A220567120014D6B0 /* resize_indicator.tif */ = {isa = PBXFileReference; lastKnownFileType = image.tiff; name = resize_indicator.tif; path = Images/resize_indicator.tif; sourceTree = "<group>"; };
		2A58C79B220567120014D6B0 /* metal_light.tif */ = {isa = PBXFileReference; lastKnownFileType = image.tiff; name = metal_light.tif; path = Images/metal_light.tif; sourceTree = "<group>"; };
		2A58C7AC220567270014D6B0 /* StickyDocument.nib */ = {isa = PBXFileReference; lastKnownFileType = wrapper.nib; name = StickyDocument.nib; path = Resources/StickyDocument.nib; sourceTree = "<group>"; };
		2A58C7B02205674C0014D6B0 /* English.lproj */ = {isa = PBXFileReference; lastKnownFileType = folder; name = English.lproj; path = Resources/English.lproj; sourceTree = "<group>"; };
		2A58C7B12205674C0014D6B0 /* Japanese.lproj */ = {isa = PBXFileReference; lastKnownFileType = folder; name = Japanese.lproj; path = Resources/Japanese.lproj; sourceTree = "<group>"; };
		2A58C7B52205691B0014D6B0 /* EIJIRO mini_Prefix.pch */ = {isa = PBXFileReference; fileEncoding = 4; lastKnownFileType = sourcecode.c.h; name = "EIJIRO mini_Prefix.pch"; path = "Resources/EIJIRO mini_Prefix.pch"; sourceTree = "<group>"; };
		2A58C7B8220569B90014D6B0 /* Info.plist */ = {isa = PBXFileReference; fileEncoding = 4; lastKnownFileType = text.plist.xml; name = Info.plist; path = Resources/Info.plist; sourceTree = "<group>"; };
		2A9BF9EE2205ADE80039F482 /* Images.xcassets */ = {isa = PBXFileReference; lastKnownFileType = folder.assetcatalog; name = Images.xcassets; path = "EIJIRO mini/Images.xcassets"; sourceTree = "<group>"; };
		8D1107320486CEB800E47090 /* EIJIRO mini.app */ = {isa = PBXFileReference; explicitFileType = wrapper.application; includeInIndex = 0; path = "EIJIRO mini.app"; sourceTree = BUILT_PRODUCTS_DIR; };
		8EABC30E05B9AF31001DBE4D /* Cocoa.framework */ = {isa = PBXFileReference; lastKnownFileType = wrapper.framework; name = Cocoa.framework; path = /System/Library/Frameworks/Cocoa.framework; sourceTree = "<absolute>"; };
/* End PBXFileReference section */

/* Begin PBXFrameworksBuildPhase section */
		8D11072E0486CEB800E47090 /* Frameworks */ = {
			isa = PBXFrameworksBuildPhase;
			buildActionMask = 2147483647;
			files = (
				8EABC30F05B9AF31001DBE4D /* Cocoa.framework in Frameworks */,
			);
			runOnlyForDeploymentPostprocessing = 0;
		};
/* End PBXFrameworksBuildPhase section */

/* Begin PBXGroup section */
		080E96DDFE201D6D7F000001 /* Classes */ = {
			isa = PBXGroup;
			children = (
				2A58C7612205667C0014D6B0 /* ApplicationManager.h */,
				2A58C7502205667C0014D6B0 /* ApplicationManager.m */,
				2A58C74A2205667B0014D6B0 /* BackgroundView.h */,
				2A58C7592205667C0014D6B0 /* BackgroundView.m */,
				2A58C7582205667C0014D6B0 /* ControllableScroller.h */,
				2A58C75C2205667C0014D6B0 /* ControllableScroller.m */,
				2A58C75F2205667C0014D6B0 /* DraggableView.h */,
				2A58C74D2205667B0014D6B0 /* DraggableView.m */,
				2A58C7542205667C0014D6B0 /* MEPanel.h */,
				2A58C7472205667B0014D6B0 /* MEPanel.m */,
				2A58C7562205667C0014D6B0 /* MESearchField.h */,
				2A58C7462205667B0014D6B0 /* MESearchField.m */,
				2A58C7452205667B0014D6B0 /* MetalButton.h */,
				2A58C75D2205667C0014D6B0 /* MetalButton.m */,
				2A58C7652205667C0014D6B0 /* NSTextViewWithLinks.h */,
				2A58C7482205667B0014D6B0 /* NSTextViewWithLinks.m */,
				2A58C7642205667C0014D6B0 /* ResizeView.h */,
				2A58C74E2205667B0014D6B0 /* ResizeView.m */,
				2A58C7552205667C0014D6B0 /* ResultView.h */,
				2A58C74F2205667B0014D6B0 /* ResultView.m */,
				2A58C75E2205667C0014D6B0 /* SpeechManager.h */,
				2A58C7442205667B0014D6B0 /* SpeechManager.m */,
				2A58C7572205667C0014D6B0 /* StickyBackgroundView.h */,
				2A58C7492205667B0014D6B0 /* StickyBackgroundView.m */,
				2A58C7622205667C0014D6B0 /* StickyDocument.h */,
				2A58C74C2205667B0014D6B0 /* StickyDocument.m */,
				2A58C7632205667C0014D6B0 /* StickyTitleView.h */,
				2A58C7512205667C0014D6B0 /* StickyTitleView.m */,
				2A58C75B2205667C0014D6B0 /* StickyView.h */,
				2A58C74B2205667B0014D6B0 /* StickyView.m */,
				2A58C7602205667C0014D6B0 /* StickyWindow.h */,
				2A58C7532205667C0014D6B0 /* StickyWindow.m */,
				2A58C7522205667C0014D6B0 /* StringUtil.h */,
				2A58C75A2205667C0014D6B0 /* StringUtil.m */,
			);
			name = Classes;
			sourceTree = "<group>";
		};
		1058C7A0FEA54F0111CA2CBB /* Linked Frameworks */ = {
			isa = PBXGroup;
			children = (
				8EABC30E05B9AF31001DBE4D /* Cocoa.framework */,
			);
			name = "Linked Frameworks";
			sourceTree = "<group>";
		};
		1058C7A2FEA54F0111CA2CBB /* Other Frameworks */ = {
			isa = PBXGroup;
			children = (
				29B97325FDCFA39411CA2CEA /* Foundation.framework */,
				29B97324FDCFA39411CA2CEA /* AppKit.framework */,
			);
			name = "Other Frameworks";
			sourceTree = "<group>";
		};
		19C28FACFE9D520D11CA2CBB /* Products */ = {
			isa = PBXGroup;
			children = (
				8D1107320486CEB800E47090 /* EIJIRO mini.app */,
			);
			name = Products;
			sourceTree = "<group>";
		};
		29B97314FDCFA39411CA2CEA /* Mini EIJIRO */ = {
			isa = PBXGroup;
			children = (
				080E96DDFE201D6D7F000001 /* Classes */,
				29B97317FDCFA39411CA2CEA /* Resources */,
				29B97323FDCFA39411CA2CEA /* Frameworks */,
				19C28FACFE9D520D11CA2CBB /* Products */,
			);
			name = "Mini EIJIRO";
			sourceTree = "<group>";
		};
		29B97317FDCFA39411CA2CEA /* Resources */ = {
			isa = PBXGroup;
			children = (
				2A9BF9EE2205ADE80039F482 /* Images.xcassets */,
				2A58C7B52205691B0014D6B0 /* EIJIRO mini_Prefix.pch */,
				2A58C788220567020014D6B0 /* main.m */,
				2A58C7B8220569B90014D6B0 /* Info.plist */,
				8EDE98B905C6BF0600FE61A3 /* Images */,
				8EDE98BA05C6BF1B00FE61A3 /* Nib files */,
				8EDE98BB05C6BF2800FE61A3 /* Strings */,
			);
			name = Resources;
			sourceTree = "<group>";
		};
		29B97323FDCFA39411CA2CEA /* Frameworks */ = {
			isa = PBXGroup;
			children = (
				1058C7A0FEA54F0111CA2CBB /* Linked Frameworks */,
				1058C7A2FEA54F0111CA2CBB /* Other Frameworks */,
			);
			name = Frameworks;
			sourceTree = "<group>";
		};
		8EDE98B905C6BF0600FE61A3 /* Images */ = {
			isa = PBXGroup;
			children = (
				2A58C793220567120014D6B0 /* back_button_disabled.tif */,
				2A58C790220567120014D6B0 /* back_button_pressed.tif */,
				2A58C78F220567120014D6B0 /* back_button.tif */,
				2A58C792220567120014D6B0 /* close_button_enabled.tif */,
				2A58C799220567120014D6B0 /* close_button_pressed.tif */,
				2A58C78C220567120014D6B0 /* close_button.tif */,
				2A58C794220567120014D6B0 /* go_button_disabled.tif */,
				2A58C797220567120014D6B0 /* go_button_pressed.tif */,
				2A58C78E220567120014D6B0 /* go_button.tif */,
				2A58C798220567120014D6B0 /* metal_back.tif */,
				2A58C79B220567120014D6B0 /* metal_light.tif */,
				2A58C78D220567120014D6B0 /* metal_resize.tif */,
				2A58C79A220567120014D6B0 /* resize_indicator.tif */,
				2A58C795220567120014D6B0 /* sound_button_disabled.tif */,
				2A58C791220567120014D6B0 /* sound_button_pressed.tif */,
				2A58C796220567120014D6B0 /* sound_button.tif */,
			);
			name = Images;
			sourceTree = "<group>";
		};
		8EDE98BA05C6BF1B00FE61A3 /* Nib files */ = {
			isa = PBXGroup;
			children = (
				2A58C7AC220567270014D6B0 /* StickyDocument.nib */,
			);
			name = "Nib files";
			sourceTree = "<group>";
		};
		8EDE98BB05C6BF2800FE61A3 /* Strings */ = {
			isa = PBXGroup;
			children = (
				2A58C7B02205674C0014D6B0 /* English.lproj */,
				2A58C7B12205674C0014D6B0 /* Japanese.lproj */,
			);
			name = Strings;
			sourceTree = "<group>";
		};
/* End PBXGroup section */

/* Begin PBXHeadersBuildPhase section */
		8D1107270486CEB800E47090 /* Headers */ = {
			isa = PBXHeadersBuildPhase;
			buildActionMask = 2147483647;
			files = (
				2A58C7B7220569980014D6B0 /* EIJIRO mini_Prefix.pch in Headers */,
				2A58C7672205667C0014D6B0 /* MetalButton.h in Headers */,
				2A58C7832205667D0014D6B0 /* ApplicationManager.h in Headers */,
				2A58C76C2205667C0014D6B0 /* BackgroundView.h in Headers */,
				2A58C7842205667D0014D6B0 /* StickyDocument.h in Headers */,
				2A58C7822205667D0014D6B0 /* StickyWindow.h in Headers */,
				2A58C7772205667C0014D6B0 /* ResultView.h in Headers */,
				2A58C7862205667D0014D6B0 /* ResizeView.h in Headers */,
				2A58C77A2205667C0014D6B0 /* ControllableScroller.h in Headers */,
				2A58C7782205667C0014D6B0 /* MESearchField.h in Headers */,
				2A58C7802205667C0014D6B0 /* SpeechManager.h in Headers */,
				2A58C77D2205667C0014D6B0 /* StickyView.h in Headers */,
				2A58C7852205667D0014D6B0 /* StickyTitleView.h in Headers */,
				2A58C7872205667D0014D6B0 /* NSTextViewWithLinks.h in Headers */,
				2A58C7762205667C0014D6B0 /* MEPanel.h in Headers */,
				2A58C7812205667D0014D6B0 /* DraggableView.h in Headers */,
				2A58C7792205667C0014D6B0 /* StickyBackgroundView.h in Headers */,
				2A58C7742205667C0014D6B0 /* StringUtil.h in Headers */,
			);
			runOnlyForDeploymentPostprocessing = 0;
		};
/* End PBXHeadersBuildPhase section */

/* Begin PBXNativeTarget section */
		8D1107260486CEB800E47090 /* EIJIRO mini */ = {
			isa = PBXNativeTarget;
			buildConfigurationList = 8E568A1308E208AA002DF0AF /* Build configuration list for PBXNativeTarget "EIJIRO mini" */;
			buildPhases = (
				8D1107270486CEB800E47090 /* Headers */,
				8D1107290486CEB800E47090 /* Resources */,
				8D11072C0486CEB800E47090 /* Sources */,
				8D11072E0486CEB800E47090 /* Frameworks */,
			);
			buildRules = (
			);
			dependencies = (
			);
			name = "EIJIRO mini";
			productInstallPath = "$(HOME)/Applications";
			productName = "Mini EIJIRO";
			productReference = 8D1107320486CEB800E47090 /* EIJIRO mini.app */;
			productType = "com.apple.product-type.application";
		};
/* End PBXNativeTarget section */

/* Begin PBXProject section */
		29B97313FDCFA39411CA2CEA /* Project object */ = {
			isa = PBXProject;
			attributes = {
				LastUpgradeCheck = 1010;
				TargetAttributes = {
					8D1107260486CEB800E47090 = {
						DevelopmentTeam = KB6WN2W7VV;
					};
				};
			};
			buildConfigurationList = 8E568A1708E208AA002DF0AF /* Build configuration list for PBXProject "EIJIRO mini" */;
			compatibilityVersion = "Xcode 3.2";
			developmentRegion = English;
			hasScannedForEncodings = 1;
			knownRegions = (
				en,
			);
			mainGroup = 29B97314FDCFA39411CA2CEA /* Mini EIJIRO */;
			projectDirPath = "";
			projectRoot = "";
			targets = (
				8D1107260486CEB800E47090 /* EIJIRO mini */,
			);
		};
/* End PBXProject section */

/* Begin PBXResourcesBuildPhase section */
		8D1107290486CEB800E47090 /* Resources */ = {
			isa = PBXResourcesBuildPhase;
			buildActionMask = 2147483647;
			files = (
				2A58C7B22205674C0014D6B0 /* English.lproj in Resources */,
				2A9BF9EF2205ADE80039F482 /* Images.xcassets in Resources */,
				2A58C7AA220567120014D6B0 /* resize_indicator.tif in Resources */,
				2A58C7A2220567120014D6B0 /* close_button_enabled.tif in Resources */,
				2A58C79C220567120014D6B0 /* close_button.tif in Resources */,
				2A58C79D220567120014D6B0 /* metal_resize.tif in Resources */,
				2A58C79F220567120014D6B0 /* back_button.tif in Resources */,
				2A58C79E220567120014D6B0 /* go_button.tif in Resources */,
				2A58C7A9220567120014D6B0 /* close_button_pressed.tif in Resources */,
				2A58C7AD220567270014D6B0 /* StickyDocument.nib in Resources */,
				2A58C7A5220567120014D6B0 /* sound_button_disabled.tif in Resources */,
				2A58C7A4220567120014D6B0 /* go_button_disabled.tif in Resources */,
				2A58C7A3220567120014D6B0 /* back_button_disabled.tif in Resources */,
				2A58C7A0220567120014D6B0 /* back_button_pressed.tif in Resources */,
				2A58C7AB220567120014D6B0 /* metal_light.tif in Resources */,
				2A58C7A7220567120014D6B0 /* go_button_pressed.tif in Resources */,
				2A58C7A8220567120014D6B0 /* metal_back.tif in Resources */,
				2A58C7A1220567120014D6B0 /* sound_button_pressed.tif in Resources */,
				2A58C7A6220567120014D6B0 /* sound_button.tif in Resources */,
				2A58C7B32205674C0014D6B0 /* Japanese.lproj in Resources */,
			);
			runOnlyForDeploymentPostprocessing = 0;
		};
/* End PBXResourcesBuildPhase section */

/* Begin PBXSourcesBuildPhase section */
		8D11072C0486CEB800E47090 /* Sources */ = {
			isa = PBXSourcesBuildPhase;
			buildActionMask = 2147483647;
			files = (
				2A58C76F2205667C0014D6B0 /* DraggableView.m in Sources */,
				2A58C77F2205667C0014D6B0 /* MetalButton.m in Sources */,
				2A58C7722205667C0014D6B0 /* ApplicationManager.m in Sources */,
				2A58C76E2205667C0014D6B0 /* StickyDocument.m in Sources */,
				2A58C76B2205667C0014D6B0 /* StickyBackgroundView.m in Sources */,
				2A58C77B2205667C0014D6B0 /* BackgroundView.m in Sources */,
				2A58C7682205667C0014D6B0 /* MESearchField.m in Sources */,
				2A58C7692205667C0014D6B0 /* MEPanel.m in Sources */,
				2A58C7702205667C0014D6B0 /* ResizeView.m in Sources */,
				2A58C7662205667C0014D6B0 /* SpeechManager.m in Sources */,
				2A58C77E2205667C0014D6B0 /* ControllableScroller.m in Sources */,
				2A58C76A2205667C0014D6B0 /* NSTextViewWithLinks.m in Sources */,
				2A58C76D2205667C0014D6B0 /* StickyView.m in Sources */,
				2A58C77C2205667C0014D6B0 /* StringUtil.m in Sources */,
				2A58C7712205667C0014D6B0 /* ResultView.m in Sources */,
				2A58C7752205667C0014D6B0 /* StickyWindow.m in Sources */,
				2A58C78A220567020014D6B0 /* main.m in Sources */,
				2A58C7732205667C0014D6B0 /* StickyTitleView.m in Sources */,
			);
			runOnlyForDeploymentPostprocessing = 0;
		};
/* End PBXSourcesBuildPhase section */

/* Begin XCBuildConfiguration section */
		8E568A1408E208AA002DF0AF /* Development */ = {
			isa = XCBuildConfiguration;
			buildSettings = {
				ASSETCATALOG_COMPILER_APPICON_NAME = AppIcon;
				CLANG_ENABLE_OBJC_WEAK = YES;
				COMBINE_HIDPI_IMAGES = YES;
				COPY_PHASE_STRIP = NO;
				DEBUGGING_SYMBOLS = YES;
				FRAMEWORK_SEARCH_PATHS = "";
				GCC_C_LANGUAGE_STANDARD = c99;
				GCC_DYNAMIC_NO_PIC = NO;
				GCC_ENABLE_TRIGRAPHS = NO;
				GCC_GENERATE_DEBUGGING_SYMBOLS = YES;
				GCC_OPTIMIZATION_LEVEL = 0;
				GCC_PRECOMPILE_PREFIX_HEADER = YES;
				GCC_PREFIX_HEADER = "Resources/EIJIRO mini_Prefix.pch";
				GCC_WARN_ABOUT_MISSING_PROTOTYPES = NO;
				GCC_WARN_FOUR_CHARACTER_CONSTANTS = NO;
				GCC_WARN_UNKNOWN_PRAGMAS = NO;
				HEADER_SEARCH_PATHS = "";
				INFOPLIST_FILE = Resources/Info.plist;
				INSTALL_PATH = "$(HOME)/Applications";
				LIBRARY_SEARCH_PATHS = "";
				MACOSX_DEPLOYMENT_TARGET = 10.8;
				OPTIMIZATION_CFLAGS = "-O0";
				OTHER_CFLAGS = "";
				OTHER_LDFLAGS = "";
				PRODUCT_BUNDLE_IDENTIFIER = com.eijiromini.EIJIROmini;
				PRODUCT_NAME = "EIJIRO mini";
				SECTORDER_FLAGS = "";
				WARNING_CFLAGS = (
					"-Wmost",
					"-Wno-four-char-constants",
					"-Wno-unknown-pragmas",
				);
				WRAPPER_EXTENSION = app;
				ZERO_LINK = YES;
			};
			name = Development;
		};
		8E568A1508E208AA002DF0AF /* Deployment */ = {
			isa = XCBuildConfiguration;
			buildSettings = {
				ASSETCATALOG_COMPILER_APPICON_NAME = AppIcon;
				CLANG_ENABLE_OBJC_WEAK = YES;
				COMBINE_HIDPI_IMAGES = YES;
				COPY_PHASE_STRIP = YES;
				FRAMEWORK_SEARCH_PATHS = "";
				GCC_C_LANGUAGE_STANDARD = c99;
				GCC_ENABLE_TRIGRAPHS = NO;
				GCC_GENERATE_DEBUGGING_SYMBOLS = NO;
				GCC_PRECOMPILE_PREFIX_HEADER = YES;
				GCC_PREFIX_HEADER = "Resources/EIJIRO mini_Prefix.pch";
				GCC_WARN_ABOUT_MISSING_PROTOTYPES = NO;
				GCC_WARN_FOUR_CHARACTER_CONSTANTS = NO;
				GCC_WARN_UNKNOWN_PRAGMAS = NO;
				HEADER_SEARCH_PATHS = "";
				INFOPLIST_FILE = Resources/Info.plist;
				INSTALL_PATH = "$(HOME)/Applications";
				LIBRARY_SEARCH_PATHS = "";
				MACOSX_DEPLOYMENT_TARGET = 10.8;
				OTHER_CFLAGS = "";
				OTHER_LDFLAGS = "";
				PRODUCT_BUNDLE_IDENTIFIER = com.eijiromini.EIJIROmini;
				PRODUCT_NAME = "EIJIRO mini";
				SECTORDER_FLAGS = "";
				WARNING_CFLAGS = (
					"-Wmost",
					"-Wno-four-char-constants",
					"-Wno-unknown-pragmas",
				);
				WRAPPER_EXTENSION = app;
				ZERO_LINK = NO;
			};
			name = Deployment;
		};
		8E568A1608E208AA002DF0AF /* Default */ = {
			isa = XCBuildConfiguration;
			buildSettings = {
				ASSETCATALOG_COMPILER_APPICON_NAME = AppIcon;
				CLANG_ENABLE_OBJC_WEAK = YES;
				COMBINE_HIDPI_IMAGES = YES;
				FRAMEWORK_SEARCH_PATHS = "";
				GCC_C_LANGUAGE_STANDARD = c99;
				GCC_ENABLE_TRIGRAPHS = NO;
				GCC_GENERATE_DEBUGGING_SYMBOLS = NO;
				GCC_PRECOMPILE_PREFIX_HEADER = YES;
				GCC_PREFIX_HEADER = "Resources/EIJIRO mini_Prefix.pch";
				GCC_WARN_ABOUT_MISSING_PROTOTYPES = NO;
				GCC_WARN_FOUR_CHARACTER_CONSTANTS = NO;
				GCC_WARN_UNKNOWN_PRAGMAS = NO;
				HEADER_SEARCH_PATHS = "";
				INFOPLIST_FILE = Resources/Info.plist;
				INSTALL_PATH = "$(HOME)/Applications";
				LIBRARY_SEARCH_PATHS = "";
				MACOSX_DEPLOYMENT_TARGET = 10.8;
				OTHER_CFLAGS = "";
				OTHER_LDFLAGS = "";
				PRODUCT_BUNDLE_IDENTIFIER = com.eijiromini.EIJIROmini;
				PRODUCT_NAME = "EIJIRO mini";
				SECTORDER_FLAGS = "";
				WARNING_CFLAGS = (
					"-Wmost",
					"-Wno-four-char-constants",
					"-Wno-unknown-pragmas",
				);
				WRAPPER_EXTENSION = app;
			};
			name = Default;
		};
		8E568A1808E208AA002DF0AF /* Development */ = {
			isa = XCBuildConfiguration;
			buildSettings = {
				CLANG_ANALYZER_LOCALIZABILITY_NONLOCALIZED = YES;
				CLANG_WARN_BLOCK_CAPTURE_AUTORELEASING = YES;
				CLANG_WARN_BOOL_CONVERSION = YES;
				CLANG_WARN_COMMA = YES;
				CLANG_WARN_CONSTANT_CONVERSION = YES;
				CLANG_WARN_DEPRECATED_OBJC_IMPLEMENTATIONS = YES;
				CLANG_WARN_EMPTY_BODY = YES;
				CLANG_WARN_ENUM_CONVERSION = YES;
				CLANG_WARN_INFINITE_RECURSION = YES;
				CLANG_WARN_INT_CONVERSION = YES;
				CLANG_WARN_NON_LITERAL_NULL_CONVERSION = YES;
				CLANG_WARN_OBJC_IMPLICIT_RETAIN_SELF = YES;
				CLANG_WARN_OBJC_LITERAL_CONVERSION = YES;
				CLANG_WARN_RANGE_LOOP_ANALYSIS = YES;
				CLANG_WARN_STRICT_PROTOTYPES = YES;
				CLANG_WARN_SUSPICIOUS_MOVE = YES;
				CLANG_WARN_UNREACHABLE_CODE = YES;
				CLANG_WARN__DUPLICATE_METHOD_MATCH = YES;
				ENABLE_STRICT_OBJC_MSGSEND = YES;
				ENABLE_TESTABILITY = YES;
				GCC_NO_COMMON_BLOCKS = YES;
				GCC_WARN_64_TO_32_BIT_CONVERSION = YES;
				GCC_WARN_ABOUT_RETURN_TYPE = YES;
				GCC_WARN_UNDECLARED_SELECTOR = YES;
				GCC_WARN_UNINITIALIZED_AUTOS = YES;
				GCC_WARN_UNUSED_FUNCTION = YES;
				GCC_WARN_UNUSED_VARIABLE = YES;
				MACOSX_DEPLOYMENT_TARGET = 10.8;
				ONLY_ACTIVE_ARCH = YES;
				SDKROOT = macosx;
				VALID_ARCHS = x86_64;
			};
			name = Development;
		};
		8E568A1908E208AA002DF0AF /* Deployment */ = {
			isa = XCBuildConfiguration;
			buildSettings = {
				CLANG_ANALYZER_LOCALIZABILITY_NONLOCALIZED = YES;
				CLANG_WARN_BLOCK_CAPTURE_AUTORELEASING = YES;
				CLANG_WARN_BOOL_CONVERSION = YES;
				CLANG_WARN_COMMA = YES;
				CLANG_WARN_CONSTANT_CONVERSION = YES;
				CLANG_WARN_DEPRECATED_OBJC_IMPLEMENTATIONS = YES;
				CLANG_WARN_EMPTY_BODY = YES;
				CLANG_WARN_ENUM_CONVERSION = YES;
				CLANG_WARN_INFINITE_RECURSION = YES;
				CLANG_WARN_INT_CONVERSION = YES;
				CLANG_WARN_NON_LITERAL_NULL_CONVERSION = YES;
				CLANG_WARN_OBJC_IMPLICIT_RETAIN_SELF = YES;
				CLANG_WARN_OBJC_LITERAL_CONVERSION = YES;
				CLANG_WARN_RANGE_LOOP_ANALYSIS = YES;
				CLANG_WARN_STRICT_PROTOTYPES = YES;
				CLANG_WARN_SUSPICIOUS_MOVE = YES;
				CLANG_WARN_UNREACHABLE_CODE = YES;
				CLANG_WARN__DUPLICATE_METHOD_MATCH = YES;
				ENABLE_STRICT_OBJC_MSGSEND = YES;
				GCC_NO_COMMON_BLOCKS = YES;
				GCC_WARN_64_TO_32_BIT_CONVERSION = YES;
				GCC_WARN_ABOUT_RETURN_TYPE = YES;
				GCC_WARN_UNDECLARED_SELECTOR = YES;
				GCC_WARN_UNINITIALIZED_AUTOS = YES;
				GCC_WARN_UNUSED_FUNCTION = YES;
				GCC_WARN_UNUSED_VARIABLE = YES;
				MACOSX_DEPLOYMENT_TARGET = 10.8;
				SDKROOT = macosx;
				VALID_ARCHS = x86_64;
			};
			name = Deployment;
		};
		8E568A1A08E208AA002DF0AF /* Default */ = {
			isa = XCBuildConfiguration;
			buildSettings = {
				CLANG_ANALYZER_LOCALIZABILITY_NONLOCALIZED = YES;
				CLANG_WARN_BLOCK_CAPTURE_AUTORELEASING = YES;
				CLANG_WARN_BOOL_CONVERSION = YES;
				CLANG_WARN_COMMA = YES;
				CLANG_WARN_CONSTANT_CONVERSION = YES;
				CLANG_WARN_DEPRECATED_OBJC_IMPLEMENTATIONS = YES;
				CLANG_WARN_EMPTY_BODY = YES;
				CLANG_WARN_ENUM_CONVERSION = YES;
				CLANG_WARN_INFINITE_RECURSION = YES;
				CLANG_WARN_INT_CONVERSION = YES;
				CLANG_WARN_NON_LITERAL_NULL_CONVERSION = YES;
				CLANG_WARN_OBJC_IMPLICIT_RETAIN_SELF = YES;
				CLANG_WARN_OBJC_LITERAL_CONVERSION = YES;
				CLANG_WARN_RANGE_LOOP_ANALYSIS = YES;
				CLANG_WARN_STRICT_PROTOTYPES = YES;
				CLANG_WARN_SUSPICIOUS_MOVE = YES;
				CLANG_WARN_UNREACHABLE_CODE = YES;
				CLANG_WARN__DUPLICATE_METHOD_MATCH = YES;
				ENABLE_STRICT_OBJC_MSGSEND = YES;
				GCC_NO_COMMON_BLOCKS = YES;
				GCC_WARN_64_TO_32_BIT_CONVERSION = YES;
				GCC_WARN_ABOUT_RETURN_TYPE = YES;
				GCC_WARN_UNDECLARED_SELECTOR = YES;
				GCC_WARN_UNINITIALIZED_AUTOS = YES;
				GCC_WARN_UNUSED_FUNCTION = YES;
				GCC_WARN_UNUSED_VARIABLE = YES;
				MACOSX_DEPLOYMENT_TARGET = 10.8;
				SDKROOT = macosx;
				VALID_ARCHS = x86_64;
			};
			name = Default;
		};
/* End XCBuildConfiguration section */

/* Begin XCConfigurationList section */
		8E568A1308E208AA002DF0AF /* Build configuration list for PBXNativeTarget "EIJIRO mini" */ = {
			isa = XCConfigurationList;
			buildConfigurations = (
				8E568A1408E208AA002DF0AF /* Development */,
				8E568A1508E208AA002DF0AF /* Deployment */,
				8E568A1608E208AA002DF0AF /* Default */,
			);
			defaultConfigurationIsVisible = 0;
			defaultConfigurationName = Default;
		};
		8E568A1708E208AA002DF0AF /* Build configuration list for PBXProject "EIJIRO mini" */ = {
			isa = XCConfigurationList;
			buildConfigurations = (
				8E568A1808E208AA002DF0AF /* Development */,
				8E568A1908E208AA002DF0AF /* Deployment */,
				8E568A1A08E208AA002DF0AF /* Default */,
			);
			defaultConfigurationIsVisible = 0;
			defaultConfigurationName = Default;
		};
/* End XCConfigurationList section */
	};
	rootObject = 29B97313FDCFA39411CA2CEA /* Project object */;
}
